
Microsoft Visual Studio Solution File, Format Version 12.00
# Visual Studio Version 17
VisualStudioVersion = 17.0.31903.59
MinimumVisualStudioVersion = 10.0.40219.1
Project("{2150E333-8FDC-42A3-9474-1A3956D46DE8}") = "services", "services", "{172864EC-054F-459F-BC90-0C72566CD626}"
EndProject
Project("{9A19103F-16F7-4668-BE54-9A1E7A4F7556}") = "book", "src\book\book\book.csproj", "{7B78147B-1E6F-4A3F-ACE8-1F080E13AD30}"
EndProject
Project("{9A19103F-16F7-4668-BE54-9A1E7A4F7556}") = "price", "src\price\price\price.csproj", "{35DC28F9-A024-44F4-A36F-1193AAFEF6C3}"
EndProject
Project("{9A19103F-16F7-4668-BE54-9A1E7A4F7556}") = "api-gateway", "src\api-gateway\api-gateway.csproj", "{4E724443-F908-4971-810D-763B3BB16257}"
EndProject
Project("{E53339B2-1760-4266-BCC7-CA923CBCF16C}") = "docker-compose", "docker-compose.dcproj", "{94453C2B-EDEB-40B6-919C-696606587AA8}"
EndProject
Global
	GlobalSection(SolutionConfigurationPlatforms) = preSolution
		Debug|Any CPU = Debug|Any CPU
		Release|Any CPU = Release|Any CPU
	EndGlobalSection
	GlobalSection(ProjectConfigurationPlatforms) = postSolution
		{7B78147B-1E6F-4A3F-ACE8-1F080E13AD30}.Debug|Any CPU.ActiveCfg = Debug|Any CPU
		{7B78147B-1E6F-4A3F-ACE8-1F080E13AD30}.Debug|Any CPU.Build.0 = Debug|Any CPU
		{7B78147B-1E6F-4A3F-ACE8-1F080E13AD30}.Release|Any CPU.ActiveCfg = Release|Any CPU
		{7B78147B-1E6F-4A3F-ACE8-1F080E13AD30}.Release|Any CPU.Build.0 = Release|Any CPU
		{35DC28F9-A024-44F4-A36F-1193AAFEF6C3}.Debug|Any CPU.ActiveCfg = Debug|Any CPU
		{35DC28F9-A024-44F4-A36F-1193AAFEF6C3}.Debug|Any CPU.Build.0 = Debug|Any CPU
		{35DC28F9-A024-44F4-A36F-1193AAFEF6C3}.Release|Any CPU.ActiveCfg = Release|Any CPU
		{35DC28F9-A024-44F4-A36F-1193AAFEF6C3}.Release|Any CPU.Build.0 = Release|Any CPU
		{4E724443-F908-4971-810D-763B3BB16257}.Debug|Any CPU.ActiveCfg = Debug|Any CPU
		{4E724443-F908-4971-810D-763B3BB16257}.Debug|Any CPU.Build.0 = Debug|Any CPU
		{4E724443-F908-4971-810D-763B3BB16257}.Release|Any CPU.ActiveCfg = Release|Any CPU
		{4E724443-F908-4971-810D-763B3BB16257}.Release|Any CPU.Build.0 = Release|Any CPU
		{94453C2B-EDEB-40B6-919C-696606587AA8}.Debug|Any CPU.ActiveCfg = Debug|Any CPU
		{94453C2B-EDEB-40B6-919C-696606587AA8}.Debug|Any CPU.Build.0 = Debug|Any CPU
		{94453C2B-EDEB-40B6-919C-696606587AA8}.Release|Any CPU.ActiveCfg = Release|Any CPU
		{94453C2B-EDEB-40B6-919C-696606587AA8}.Release|Any CPU.Build.0 = Release|Any CPU
	EndGlobalSection
	GlobalSection(SolutionProperties) = preSolution
		HideSolutionNode = FALSE
	EndGlobalSection
	GlobalSection(NestedProjects) = preSolution
		{7B78147B-1E6F-4A3F-ACE8-1F080E13AD30} = {172864EC-054F-459F-BC90-0C72566CD626}
		{35DC28F9-A024-44F4-A36F-1193AAFEF6C3} = {172864EC-054F-459F-BC90-0C72566CD626}
		{4E724443-F908-4971-810D-763B3BB16257} = {172864EC-054F-459F-BC90-0C72566CD626}
	EndGlobalSection
	GlobalSection(ExtensibilityGlobals) = postSolution
		SolutionGuid = {42D7255E-8023-449E-A7FD-AB88AA939130}
	EndGlobalSection
EndGlobal
